
Microsoft Visual Studio Solution File, Format Version 12.00
# Visual Studio Version 17
VisualStudioVersion = 17.4.33110.190
MinimumVisualStudioVersion = 10.0.40219.1
Project("{FAE04EC0-301F-11D3-BF4B-00C04F79EFBC}") = "KaloriSay.DAL", "KaloriSay.DAL\KaloriSay.DAL.csproj", "{09AED1FF-9373-48F0-BB9E-C7D7455BE97F}"
EndProject
Project("{FAE04EC0-301F-11D3-BF4B-00C04F79EFBC}") = "KaloriSay.ENTITIES", "KaloriSay.ENTITIES\KaloriSay.ENTITIES.csproj", "{F0C1D953-78F3-4659-8F1A-4BA312C67AD8}"
EndProject
Project("{FAE04EC0-301F-11D3-BF4B-00C04F79EFBC}") = "KaloriSay.BL", "KaloriSay.BL\KaloriSay.BL.csproj", "{8C088E21-60D5-4201-9997-AC49EB2461A5}"
EndProject
Project("{FAE04EC0-301F-11D3-BF4B-00C04F79EFBC}") = "KaloriSay.UI", "KaloriSay.UI\KaloriSay.UI.csproj", "{CEF705E1-038E-4BC8-A423-F213EE0BCF64}"
EndProject
Global
	GlobalSection(SolutionConfigurationPlatforms) = preSolution
		Debug|Any CPU = Debug|Any CPU
		Release|Any CPU = Release|Any CPU
	EndGlobalSection
	GlobalSection(ProjectConfigurationPlatforms) = postSolution
		{09AED1FF-9373-48F0-BB9E-C7D7455BE97F}.Debug|Any CPU.ActiveCfg = Debug|Any CPU
		{09AED1FF-9373-48F0-BB9E-C7D7455BE97F}.Debug|Any CPU.Build.0 = Debug|Any CPU
		{09AED1FF-9373-48F0-BB9E-C7D7455BE97F}.Release|Any CPU.ActiveCfg = Release|Any CPU
		{09AED1FF-9373-48F0-BB9E-C7D7455BE97F}.Release|Any CPU.Build.0 = Release|Any CPU
		{F0C1D953-78F3-4659-8F1A-4BA312C67AD8}.Debug|Any CPU.ActiveCfg = Debug|Any CPU
		{F0C1D953-78F3-4659-8F1A-4BA312C67AD8}.Debug|Any CPU.Build.0 = Debug|Any CPU
		{F0C1D953-78F3-4659-8F1A-4BA312C67AD8}.Release|Any CPU.ActiveCfg = Release|Any CPU
		{F0C1D953-78F3-4659-8F1A-4BA312C67AD8}.Release|Any CPU.Build.0 = Release|Any CPU
		{8C088E21-60D5-4201-9997-AC49EB2461A5}.Debug|Any CPU.ActiveCfg = Debug|Any CPU
		{8C088E21-60D5-4201-9997-AC49EB2461A5}.Debug|Any CPU.Build.0 = Debug|Any CPU
		{8C088E21-60D5-4201-9997-AC49EB2461A5}.Release|Any CPU.ActiveCfg = Release|Any CPU
		{8C088E21-60D5-4201-9997-AC49EB2461A5}.Release|Any CPU.Build.0 = Release|Any CPU
		{CEF705E1-038E-4BC8-A423-F213EE0BCF64}.Debug|Any CPU.ActiveCfg = Debug|Any CPU
		{CEF705E1-038E-4BC8-A423-F213EE0BCF64}.Debug|Any CPU.Build.0 = Debug|Any CPU
		{CEF705E1-038E-4BC8-A423-F213EE0BCF64}.Release|Any CPU.ActiveCfg = Release|Any CPU
		{CEF705E1-038E-4BC8-A423-F213EE0BCF64}.Release|Any CPU.Build.0 = Release|Any CPU
	EndGlobalSection
	GlobalSection(SolutionProperties) = preSolution
		HideSolutionNode = FALSE
	EndGlobalSection
	GlobalSection(ExtensibilityGlobals) = postSolution
		SolutionGuid = {A1A0680A-7447-4243-8491-61B5E30C6070}
	EndGlobalSection
EndGlobal
